<?xml version="1.0" encoding="utf-8"?>
<Project ToolsVersion="4.0" xmlns="http://schemas.microsoft.com/developer/msbuild/2003">
  <ItemGroup>
    <Filter Include="源文件">
      <UniqueIdentifier>{4FC737F1-C7A5-4376-A066-2A32D752A2FF}</UniqueIdentifier>
      <Extensions>cpp;c;cc;cxx;def;odl;idl;hpj;bat;asm;asmx</Extensions>
    </Filter>
    <Filter Include="头文件">
      <UniqueIdentifier>{93995380-89BD-4b04-88EB-625FBE52EBFB}</UniqueIdentifier>
      <Extensions>h;hh;hpp;hxx;hm;inl;inc;xsd</Extensions>
    </Filter>
    <Filter Include="资源文件">
      <UniqueIdentifier>{67DA6AB6-F800-4c08-8B7A-83BB121AAD01}</UniqueIdentifier>
      <Extensions>rc;ico;cur;bmp;dlg;rc2;rct;bin;rgs;gif;jpg;jpeg;jpe;resx;tiff;tif;png;wav;mfcribbon-ms</Extensions>
    </Filter>
    <Filter Include="头文件\test">
      <UniqueIdentifier>{1fe578d2-8d45-499b-9c81-c0d9053544b2}</UniqueIdentifier>
    </Filter>
  </ItemGroup>
  <ItemGroup>
    <ClInclude Include="AvxLinearSearch.h">
      <Filter>头文件</Filter>
    </ClInclude>
    <ClInclude Include="AvxLinearSearchDetach.h">
      <Filter>头文件</Filter>
    </ClInclude>
    <ClInclude Include="AvxLinearSearchPacked.h">
      <Filter>头文件</Filter>
    </ClInclude>
    <ClInclude Include="DataDefinition.h">
      <Filter>头文件</Filter>
    </ClInclude>
    <ClInclude Include="LinearAvxSearch_1.h">
      <Filter>头文件</Filter>
    </ClInclude>
    <ClInclude Include="LinearSearch.h">
      <Filter>头文件</Filter>
    </ClInclude>
    <ClInclude Include="NaiveKDTree.h">
      <Filter>头文件</Filter>
    </ClInclude>
    <ClInclude Include="SearchContext.h">
      <Filter>头文件</Filter>
    </ClInclude>
    <ClInclude Include="FractionalTree.h">
      <Filter>头文件</Filter>
    </ClInclude>
    <ClInclude Include="RangeTree.h">
      <Filter>头文件</Filter>
    </ClInclude>
    <ClInclude Include="test\DataGenerate.h">
      <Filter>头文件\test</Filter>
    </ClInclude>
    <ClInclude Include="CascadeLinear.h">
      <Filter>头文件</Filter>
    </ClInclude>
  </ItemGroup>
  <ItemGroup>
    <ClCompile Include="robust_test.cpp">
      <Filter>源文件</Filter>
    </ClCompile>
  </ItemGroup>
</Project>